
Microsoft Visual Studio Solution File, Format Version 12.00
# Visual Studio Version 17
VisualStudioVersion = 17.14.36119.2 d17.14
MinimumVisualStudioVersion = 10.0.40219.1
Project("{8BC9CEB8-8B4A-11D0-8D11-00A0C91BC942}") = "game", "game.vcxproj", "{A65DDD92-FF20-4B1F-AE83-CD71FD4ECCC8}"
EndProject
Global
	GlobalSection(SolutionConfigurationPlatforms) = preSolution
		Release|x86 = Release|x86
		XDebug|x86 = XDebug|x86
	EndGlobalSection
	GlobalSection(ProjectConfigurationPlatforms) = postSolution
		{A65DDD92-FF20-4B1F-AE83-CD71FD4ECCC8}.Release|x86.ActiveCfg = Release|Win32
		{A65DDD92-FF20-4B1F-AE83-CD71FD4ECCC8}.Release|x86.Build.0 = Release|Win32
		{A65DDD92-FF20-4B1F-AE83-CD71FD4ECCC8}.XDebug|x86.ActiveCfg = XDebug|Win32
		{A65DDD92-FF20-4B1F-AE83-CD71FD4ECCC8}.XDebug|x86.Build.0 = XDebug|Win32
	EndGlobalSection
	GlobalSection(SolutionProperties) = preSolution
		HideSolutionNode = FALSE
	EndGlobalSection
	GlobalSection(ExtensibilityGlobals) = postSolution
		SolutionGuid = {8F9FF806-70F6-4BBA-A247-019188F732B0}
	EndGlobalSection
EndGlobal
