<?xml version="1.0" encoding="utf-8"?>
<Project ToolsVersion="4.0" xmlns="http://schemas.microsoft.com/developer/msbuild/2003">
  <ItemGroup>
    <Filter Include="Headers">
      <UniqueIdentifier>{47e6f494-c194-4103-a594-ad314c51e256}</UniqueIdentifier>
    </Filter>
    <Filter Include="Res">
      <UniqueIdentifier>{000a4b54-6f95-4e2c-b806-8034f87f4836}</UniqueIdentifier>
    </Filter>
    <Filter Include="Source">
      <UniqueIdentifier>{f9441b8e-ff5b-4ca0-bbd1-d08022b001aa}</UniqueIdentifier>
    </Filter>
    <Filter Include="old-ogre-paged">
      <UniqueIdentifier>{e22af52a-f78f-4e19-aa9e-169b62c5eaab}</UniqueIdentifier>
    </Filter>
  </ItemGroup>
  <ItemGroup>
    <ClInclude Include="include\Export.h">
      <Filter>Headers</Filter>
    </ClInclude>
    <ClInclude Include="include\MagixAlertBox.h">
      <Filter>Headers</Filter>
    </ClInclude>
    <ClInclude Include="include\MagixApplication.h">
      <Filter>Headers</Filter>
    </ClInclude>
    <ClInclude Include="include\MagixCamera.h">
      <Filter>Headers</Filter>
    </ClInclude>
    <ClInclude Include="include\MagixCampaignManager.h">
      <Filter>Headers</Filter>
    </ClInclude>
    <ClInclude Include="include\MagixCharScreenManager.h">
      <Filter>Headers</Filter>
    </ClInclude>
    <ClInclude Include="include\MagixChatManager.h">
      <Filter>Headers</Filter>
    </ClInclude>
    <ClInclude Include="include\MagixCollisionManager.h">
      <Filter>Headers</Filter>
    </ClInclude>
    <ClInclude Include="include\MagixCritterManager.h">
      <Filter>Headers</Filter>
    </ClInclude>
    <ClInclude Include="include\MagixEffectsManager.h">
      <Filter>Headers</Filter>
    </ClInclude>
    <ClInclude Include="include\MagixExternalDefinitions.h">
      <Filter>Headers</Filter>
    </ClInclude>
    <ClInclude Include="include\MagixFrameListener.h">
      <Filter>Headers</Filter>
    </ClInclude>
    <ClInclude Include="include\MagixGameStateManager.h">
      <Filter>Headers</Filter>
    </ClInclude>
    <ClInclude Include="include\MagixGUI.h">
      <Filter>Headers</Filter>
    </ClInclude>
    <ClInclude Include="include\MagixHandler.h">
      <Filter>Headers</Filter>
    </ClInclude>
    <ClInclude Include="include\MagixInputManager.h">
      <Filter>Headers</Filter>
    </ClInclude>
    <ClInclude Include="include\MagixItemManager.h">
      <Filter>Headers</Filter>
    </ClInclude>
    <ClInclude Include="include\MagixMain.h">
      <Filter>Headers</Filter>
    </ClInclude>
    <ClInclude Include="include\MagixMiniMap.h">
      <Filter>Headers</Filter>
    </ClInclude>
    <ClInclude Include="include\MagixNetworkDefines.h">
      <Filter>Headers</Filter>
    </ClInclude>
    <ClInclude Include="include\MagixNetworkManager.h">
      <Filter>Headers</Filter>
    </ClInclude>
    <ClInclude Include="include\MagixObject.h">
      <Filter>Headers</Filter>
    </ClInclude>
    <ClInclude Include="include\MagixOwnershipManager.h">
      <Filter>Headers</Filter>
    </ClInclude>
    <ClInclude Include="include\MagixPlayer.h">
      <Filter>Headers</Filter>
    </ClInclude>
    <ClInclude Include="include\MagixSkyManager.h">
      <Filter>Headers</Filter>
    </ClInclude>
    <ClInclude Include="include\MagixSoundManager.h">
      <Filter>Headers</Filter>
    </ClInclude>
    <ClInclude Include="include\MagixUnit.h">
      <Filter>Headers</Filter>
    </ClInclude>
    <ClInclude Include="include\MagixUnitManager.h">
      <Filter>Headers</Filter>
    </ClInclude>
    <ClInclude Include="include\MagixWorld.h">
      <Filter>Headers</Filter>
    </ClInclude>
    <ClInclude Include="include\MessageIdentifiers.h">
      <Filter>Headers</Filter>
    </ClInclude>
    <ClInclude Include="include\MovableTextOverlay.h">
      <Filter>Headers</Filter>
    </ClInclude>
    <ClInclude Include="include\ogremagix.h">
      <Filter>Headers</Filter>
    </ClInclude>
    <ClInclude Include="include\RectLayoutManager.h">
      <Filter>Headers</Filter>
    </ClInclude>
    <ClInclude Include="include\SoundManager.h">
      <Filter>Headers</Filter>
    </ClInclude>
    <ClInclude Include="include\StaticBillboardSet.h">
      <Filter>Headers</Filter>
    </ClInclude>
    <ClInclude Include="include\StringCompressor.h">
      <Filter>Headers</Filter>
    </ClInclude>
    <ClInclude Include="res\Resource.h">
      <Filter>Res</Filter>
    </ClInclude>
    <ClInclude Include="paged\BatchedGeometry.h">
      <Filter>old-ogre-paged</Filter>
    </ClInclude>
    <ClInclude Include="paged\BatchPage.h">
      <Filter>old-ogre-paged</Filter>
    </ClInclude>
    <ClInclude Include="paged\GrassLoader.h">
      <Filter>old-ogre-paged</Filter>
    </ClInclude>
    <ClInclude Include="paged\HeightFunction.h">
      <Filter>old-ogre-paged</Filter>
    </ClInclude>
    <ClInclude Include="paged\ImpostorPage.h">
      <Filter>old-ogre-paged</Filter>
    </ClInclude>
    <ClInclude Include="paged\MersenneTwister.h">
      <Filter>old-ogre-paged</Filter>
    </ClInclude>
    <ClInclude Include="paged\PagedGeometry.h">
      <Filter>old-ogre-paged</Filter>
    </ClInclude>
    <ClInclude Include="paged\PagedGeometryConfig.h">
      <Filter>old-ogre-paged</Filter>
    </ClInclude>
    <ClInclude Include="paged\PGExampleApplication.h">
      <Filter>old-ogre-paged</Filter>
    </ClInclude>
    <ClInclude Include="paged\PGExampleFrameListener.h">
      <Filter>old-ogre-paged</Filter>
    </ClInclude>
    <ClInclude Include="paged\PropertyMaps.h">
      <Filter>old-ogre-paged</Filter>
    </ClInclude>
    <ClInclude Include="paged\RandomTable.h">
      <Filter>old-ogre-paged</Filter>
    </ClInclude>
    <ClInclude Include="paged\StaticBillboardSet.h">
      <Filter>old-ogre-paged</Filter>
    </ClInclude>
    <ClInclude Include="paged\TreeLoader2D.h">
      <Filter>old-ogre-paged</Filter>
    </ClInclude>
    <ClInclude Include="paged\TreeLoader3D.h">
      <Filter>old-ogre-paged</Filter>
    </ClInclude>
    <ClInclude Include="paged\WindBatchedGeometry.h">
      <Filter>old-ogre-paged</Filter>
    </ClInclude>
    <ClInclude Include="paged\WindBatchPage.h">
      <Filter>old-ogre-paged</Filter>
    </ClInclude>
  </ItemGroup>
  <ItemGroup>
    <None Include="include\migrate.sh">
      <Filter>Headers</Filter>
    </None>
    <None Include="include\old.rar">
      <Filter>Headers</Filter>
    </None>
    <None Include="res\Thumbs.db">
      <Filter>Res</Filter>
    </None>
    <None Include="paged\PagedGeometryConfig.h.in">
      <Filter>old-ogre-paged</Filter>
    </None>
  </ItemGroup>
  <ItemGroup>
    <ClCompile Include="include\SoundManager.cpp">
      <Filter>Headers</Filter>
    </ClCompile>
    <ClCompile Include="src\ogremagix.cpp">
      <Filter>Source</Filter>
    </ClCompile>
    <ClCompile Include="paged\BatchedGeometry.cpp">
      <Filter>old-ogre-paged</Filter>
    </ClCompile>
    <ClCompile Include="paged\BatchPage.cpp">
      <Filter>old-ogre-paged</Filter>
    </ClCompile>
    <ClCompile Include="paged\GrassLoader.cpp">
      <Filter>old-ogre-paged</Filter>
    </ClCompile>
    <ClCompile Include="paged\ImpostorPage.cpp">
      <Filter>old-ogre-paged</Filter>
    </ClCompile>
    <ClCompile Include="paged\PagedGeometry.cpp">
      <Filter>old-ogre-paged</Filter>
    </ClCompile>
    <ClCompile Include="paged\PropertyMaps.cpp">
      <Filter>old-ogre-paged</Filter>
    </ClCompile>
    <ClCompile Include="paged\StaticBillboardSet.cpp">
      <Filter>old-ogre-paged</Filter>
    </ClCompile>
    <ClCompile Include="paged\TreeLoader2D.cpp">
      <Filter>old-ogre-paged</Filter>
    </ClCompile>
    <ClCompile Include="paged\TreeLoader3D.cpp">
      <Filter>old-ogre-paged</Filter>
    </ClCompile>
    <ClCompile Include="paged\WindBatchedGeometry.cpp">
      <Filter>old-ogre-paged</Filter>
    </ClCompile>
    <ClCompile Include="paged\WindBatchPage.cpp">
      <Filter>old-ogre-paged</Filter>
    </ClCompile>
  </ItemGroup>
  <ItemGroup>
    <Image Include="res\Copy of ogremagix.ico">
      <Filter>Res</Filter>
    </Image>
    <Image Include="res\ogremagix.ico">
      <Filter>Res</Filter>
    </Image>
  </ItemGroup>
  <ItemGroup>
    <ResourceCompile Include="res\ogremagix.rc">
      <Filter>Res</Filter>
    </ResourceCompile>
  </ItemGroup>
</Project>